
Microsoft Visual Studio Solution File, Format Version 12.00
# Visual Studio Version 17
VisualStudioVersion = 17.9.34607.119
MinimumVisualStudioVersion = 10.0.40219.1
Project("{8BC9CEB8-8B4A-11D0-8D11-00A0C91BC942}") = "Anamin", "stringPrograms\stringPrograms.vcxproj", "{04568FBE-ED27-46D4-A5E2-5E4E14B8F0D6}"
EndProject
Project("{8BC9CEB8-8B4A-11D0-8D11-00A0C91BC942}") = "subWord2", "subString\subString.vcxproj", "{222426EA-4EAC-4D6A-9F66-9383AB841303}"
EndProject
Project("{8BC9CEB8-8B4A-11D0-8D11-00A0C91BC942}") = "capsLock", "capsLock\capsLock.vcxproj", "{1FED0EF8-39E8-495F-AA78-375192A0C848}"
EndProject
Project("{8BC9CEB8-8B4A-11D0-8D11-00A0C91BC942}") = "wow", "wow\wow.vcxproj", "{0896C4B5-E51A-4464-B844-C459B72AA364}"
EndProject
Project("{8BC9CEB8-8B4A-11D0-8D11-00A0C91BC942}") = "biggestSum (String)", "biggestSum (String)\biggestSum (String).vcxproj", "{48E81AF4-A48D-4748-806D-C5E8A618F7B2}"
EndProject
Project("{8BC9CEB8-8B4A-11D0-8D11-00A0C91BC942}") = "Yoda (String)", "Yoda (String)\Yoda (String).vcxproj", "{F8D80759-37AE-431A-B844-398096D5FA61}"
EndProject
Project("{8BC9CEB8-8B4A-11D0-8D11-00A0C91BC942}") = "elephantGame", "elephantGame\elephantGame.vcxproj", "{E10C24A8-5B4A-49CF-A0DA-532888D6F6B4}"
EndProject
Project("{8BC9CEB8-8B4A-11D0-8D11-00A0C91BC942}") = "chickenDecoder (String)", "chickenDecoder (String)\chickenDecoder (String).vcxproj", "{59B986B6-2D43-47F8-B343-D4A3BC491F16}"
EndProject
Global
	GlobalSection(SolutionConfigurationPlatforms) = preSolution
		Debug|x64 = Debug|x64
		Debug|x86 = Debug|x86
		Release|x64 = Release|x64
		Release|x86 = Release|x86
	EndGlobalSection
	GlobalSection(ProjectConfigurationPlatforms) = postSolution
		{04568FBE-ED27-46D4-A5E2-5E4E14B8F0D6}.Debug|x64.ActiveCfg = Debug|x64
		{04568FBE-ED27-46D4-A5E2-5E4E14B8F0D6}.Debug|x64.Build.0 = Debug|x64
		{04568FBE-ED27-46D4-A5E2-5E4E14B8F0D6}.Debug|x86.ActiveCfg = Debug|Win32
		{04568FBE-ED27-46D4-A5E2-5E4E14B8F0D6}.Debug|x86.Build.0 = Debug|Win32
		{04568FBE-ED27-46D4-A5E2-5E4E14B8F0D6}.Release|x64.ActiveCfg = Release|x64
		{04568FBE-ED27-46D4-A5E2-5E4E14B8F0D6}.Release|x64.Build.0 = Release|x64
		{04568FBE-ED27-46D4-A5E2-5E4E14B8F0D6}.Release|x86.ActiveCfg = Release|Win32
		{04568FBE-ED27-46D4-A5E2-5E4E14B8F0D6}.Release|x86.Build.0 = Release|Win32
		{222426EA-4EAC-4D6A-9F66-9383AB841303}.Debug|x64.ActiveCfg = Debug|x64
		{222426EA-4EAC-4D6A-9F66-9383AB841303}.Debug|x64.Build.0 = Debug|x64
		{222426EA-4EAC-4D6A-9F66-9383AB841303}.Debug|x86.ActiveCfg = Debug|Win32
		{222426EA-4EAC-4D6A-9F66-9383AB841303}.Debug|x86.Build.0 = Debug|Win32
		{222426EA-4EAC-4D6A-9F66-9383AB841303}.Release|x64.ActiveCfg = Release|x64
		{222426EA-4EAC-4D6A-9F66-9383AB841303}.Release|x64.Build.0 = Release|x64
		{222426EA-4EAC-4D6A-9F66-9383AB841303}.Release|x86.ActiveCfg = Release|Win32
		{222426EA-4EAC-4D6A-9F66-9383AB841303}.Release|x86.Build.0 = Release|Win32
		{1FED0EF8-39E8-495F-AA78-375192A0C848}.Debug|x64.ActiveCfg = Debug|x64
		{1FED0EF8-39E8-495F-AA78-375192A0C848}.Debug|x64.Build.0 = Debug|x64
		{1FED0EF8-39E8-495F-AA78-375192A0C848}.Debug|x86.ActiveCfg = Debug|Win32
		{1FED0EF8-39E8-495F-AA78-375192A0C848}.Debug|x86.Build.0 = Debug|Win32
		{1FED0EF8-39E8-495F-AA78-375192A0C848}.Release|x64.ActiveCfg = Release|x64
		{1FED0EF8-39E8-495F-AA78-375192A0C848}.Release|x64.Build.0 = Release|x64
		{1FED0EF8-39E8-495F-AA78-375192A0C848}.Release|x86.ActiveCfg = Release|Win32
		{1FED0EF8-39E8-495F-AA78-375192A0C848}.Release|x86.Build.0 = Release|Win32
		{0896C4B5-E51A-4464-B844-C459B72AA364}.Debug|x64.ActiveCfg = Debug|x64
		{0896C4B5-E51A-4464-B844-C459B72AA364}.Debug|x64.Build.0 = Debug|x64
		{0896C4B5-E51A-4464-B844-C459B72AA364}.Debug|x86.ActiveCfg = Debug|Win32
		{0896C4B5-E51A-4464-B844-C459B72AA364}.Debug|x86.Build.0 = Debug|Win32
		{0896C4B5-E51A-4464-B844-C459B72AA364}.Release|x64.ActiveCfg = Release|x64
		{0896C4B5-E51A-4464-B844-C459B72AA364}.Release|x64.Build.0 = Release|x64
		{0896C4B5-E51A-4464-B844-C459B72AA364}.Release|x86.ActiveCfg = Release|Win32
		{0896C4B5-E51A-4464-B844-C459B72AA364}.Release|x86.Build.0 = Release|Win32
		{48E81AF4-A48D-4748-806D-C5E8A618F7B2}.Debug|x64.ActiveCfg = Debug|x64
		{48E81AF4-A48D-4748-806D-C5E8A618F7B2}.Debug|x64.Build.0 = Debug|x64
		{48E81AF4-A48D-4748-806D-C5E8A618F7B2}.Debug|x86.ActiveCfg = Debug|Win32
		{48E81AF4-A48D-4748-806D-C5E8A618F7B2}.Debug|x86.Build.0 = Debug|Win32
		{48E81AF4-A48D-4748-806D-C5E8A618F7B2}.Release|x64.ActiveCfg = Release|x64
		{48E81AF4-A48D-4748-806D-C5E8A618F7B2}.Release|x64.Build.0 = Release|x64
		{48E81AF4-A48D-4748-806D-C5E8A618F7B2}.Release|x86.ActiveCfg = Release|Win32
		{48E81AF4-A48D-4748-806D-C5E8A618F7B2}.Release|x86.Build.0 = Release|Win32
		{F8D80759-37AE-431A-B844-398096D5FA61}.Debug|x64.ActiveCfg = Debug|x64
		{F8D80759-37AE-431A-B844-398096D5FA61}.Debug|x64.Build.0 = Debug|x64
		{F8D80759-37AE-431A-B844-398096D5FA61}.Debug|x86.ActiveCfg = Debug|Win32
		{F8D80759-37AE-431A-B844-398096D5FA61}.Debug|x86.Build.0 = Debug|Win32
		{F8D80759-37AE-431A-B844-398096D5FA61}.Release|x64.ActiveCfg = Release|x64
		{F8D80759-37AE-431A-B844-398096D5FA61}.Release|x64.Build.0 = Release|x64
		{F8D80759-37AE-431A-B844-398096D5FA61}.Release|x86.ActiveCfg = Release|Win32
		{F8D80759-37AE-431A-B844-398096D5FA61}.Release|x86.Build.0 = Release|Win32
		{E10C24A8-5B4A-49CF-A0DA-532888D6F6B4}.Debug|x64.ActiveCfg = Debug|x64
		{E10C24A8-5B4A-49CF-A0DA-532888D6F6B4}.Debug|x64.Build.0 = Debug|x64
		{E10C24A8-5B4A-49CF-A0DA-532888D6F6B4}.Debug|x86.ActiveCfg = Debug|Win32
		{E10C24A8-5B4A-49CF-A0DA-532888D6F6B4}.Debug|x86.Build.0 = Debug|Win32
		{E10C24A8-5B4A-49CF-A0DA-532888D6F6B4}.Release|x64.ActiveCfg = Release|x64
		{E10C24A8-5B4A-49CF-A0DA-532888D6F6B4}.Release|x64.Build.0 = Release|x64
		{E10C24A8-5B4A-49CF-A0DA-532888D6F6B4}.Release|x86.ActiveCfg = Release|Win32
		{E10C24A8-5B4A-49CF-A0DA-532888D6F6B4}.Release|x86.Build.0 = Release|Win32
		{59B986B6-2D43-47F8-B343-D4A3BC491F16}.Debug|x64.ActiveCfg = Debug|x64
		{59B986B6-2D43-47F8-B343-D4A3BC491F16}.Debug|x64.Build.0 = Debug|x64
		{59B986B6-2D43-47F8-B343-D4A3BC491F16}.Debug|x86.ActiveCfg = Debug|Win32
		{59B986B6-2D43-47F8-B343-D4A3BC491F16}.Debug|x86.Build.0 = Debug|Win32
		{59B986B6-2D43-47F8-B343-D4A3BC491F16}.Release|x64.ActiveCfg = Release|x64
		{59B986B6-2D43-47F8-B343-D4A3BC491F16}.Release|x64.Build.0 = Release|x64
		{59B986B6-2D43-47F8-B343-D4A3BC491F16}.Release|x86.ActiveCfg = Release|Win32
		{59B986B6-2D43-47F8-B343-D4A3BC491F16}.Release|x86.Build.0 = Release|Win32
	EndGlobalSection
	GlobalSection(SolutionProperties) = preSolution
		HideSolutionNode = FALSE
	EndGlobalSection
	GlobalSection(ExtensibilityGlobals) = postSolution
		SolutionGuid = {85E75AFF-2EA9-4115-8774-0189FFD398F8}
	EndGlobalSection
EndGlobal
